{
  "version": 4,
  "terraform_version": "1.9.6",
  "serial": 188,
  "lineage": "160030af-c0cd-174f-c389-76b4d6d81294",
  "outputs": {
    "lambda_url": {
      "value": "https://yytbl7vgk9.execute-api.us-east-1.amazonaws.com/prod",
      "type": "string"
    }
  },
  "resources": [
    {
      "mode": "data",
      "type": "archive_file",
      "name": "archiver",
      "provider": "provider[\"registry.terraform.io/hashicorp/archive\"]",
      "instances": [
        {
          "schema_version": 0,
          "attributes": {
            "exclude_symlink_directories": null,
            "excludes": null,
            "id": "c6cd7da6af574d7bad64d3f7bab888aea52fedba",
            "output_base64sha256": "JnLnrCtV7f8b/t6+b092tTjRxWyYpq1QKLBmOVf6Ogc=",
            "output_base64sha512": "sg007f6fDu2tM09bzejk0J/nmC368wfFpkV+P7IQJw1EG+kPC2lOIzoSKeC9I0uZJO3kR20BHGymCFSKtHIBmw==",
            "output_file_mode": null,
            "output_md5": "f7d9b1e2b3ccc6179264779af3967df3",
            "output_path": "lambda_function.zip",
            "output_sha": "c6cd7da6af574d7bad64d3f7bab888aea52fedba",
            "output_sha256": "2672e7ac2b55edff1bfedebe6f4f76b538d1c56c98a6ad5028b0663957fa3a07",
            "output_sha512": "b20d34edfe9f0eedad334f5bcde8e4d09fe7982dfaf307c5a6457e3fb210270d441be90f0b694e233a1229e0bd234b9924ede4476d011c6ca608548ab472019b",
            "output_size": 845,
            "source": [],
            "source_content": null,
            "source_content_filename": null,
            "source_dir": null,
            "source_file": "lambda_function.py",
            "type": "zip"
          },
          "sensitive_attributes": []
        }
      ]
    },
    {
      "mode": "data",
      "type": "aws_caller_identity",
      "name": "current",
      "provider": "provider[\"registry.terraform.io/hashicorp/aws\"]",
      "instances": [
        {
          "schema_version": 0,
          "attributes": {
            "account_id": "622395351311",
            "arn": "arn:aws:iam::622395351311:user/OmriHalpert",
            "id": "622395351311",
            "user_id": "AIDAZB2NHMEHQCPWQJOVD"
          },
          "sensitive_attributes": []
        }
      ]
    },
    {
      "mode": "managed",
      "type": "aws_api_gateway_deployment",
      "name": "github_webhook_deployment",
      "provider": "provider[\"registry.terraform.io/hashicorp/aws\"]",
      "instances": [
        {
          "schema_version": 0,
          "attributes": {
            "canary_settings": [],
            "created_date": "2024-09-28T20:42:30Z",
            "description": "",
            "execution_arn": "arn:aws:execute-api:us-east-1:622395351311:yytbl7vgk9/prod",
            "id": "toek3h",
            "invoke_url": "https://yytbl7vgk9.execute-api.us-east-1.amazonaws.com/prod",
            "rest_api_id": "yytbl7vgk9",
            "stage_description": null,
            "stage_name": "prod",
            "triggers": null,
            "variables": null
          },
          "sensitive_attributes": [],
          "private": "bnVsbA==",
          "dependencies": [
            "aws_api_gateway_integration.lambda_integration",
            "aws_api_gateway_method.webhook_post",
            "aws_api_gateway_resource.github_webhook",
            "aws_api_gateway_rest_api.github_webhook_api",
            "aws_cloudwatch_log_group.lambda_log_group",
            "aws_iam_role.lambda_exec",
            "aws_lambda_function.lambda"
          ]
        }
      ]
    },
    {
      "mode": "managed",
      "type": "aws_api_gateway_integration",
      "name": "lambda_integration",
      "provider": "provider[\"registry.terraform.io/hashicorp/aws\"]",
      "instances": [
        {
          "schema_version": 0,
          "attributes": {
            "cache_key_parameters": null,
            "cache_namespace": "wznvwg",
            "connection_id": "",
            "connection_type": "INTERNET",
            "content_handling": "",
            "credentials": "",
            "http_method": "POST",
            "id": "agi-yytbl7vgk9-wznvwg-POST",
            "integration_http_method": "POST",
            "passthrough_behavior": "WHEN_NO_MATCH",
            "request_parameters": null,
            "request_templates": null,
            "resource_id": "wznvwg",
            "rest_api_id": "yytbl7vgk9",
            "timeout_milliseconds": 29000,
            "tls_config": [],
            "type": "AWS_PROXY",
            "uri": "arn:aws:apigateway:us-east-1:lambda:path/2015-03-31/functions/arn:aws:lambda:us-east-1:622395351311:function:github_webhook_lambda/invocations"
          },
          "sensitive_attributes": [],
          "private": "bnVsbA==",
          "dependencies": [
            "aws_api_gateway_method.webhook_post",
            "aws_api_gateway_resource.github_webhook",
            "aws_api_gateway_rest_api.github_webhook_api",
            "aws_cloudwatch_log_group.lambda_log_group",
            "aws_iam_role.lambda_exec",
            "aws_lambda_function.lambda"
          ]
        }
      ]
    },
    {
      "mode": "managed",
      "type": "aws_api_gateway_method",
      "name": "webhook_post",
      "provider": "provider[\"registry.terraform.io/hashicorp/aws\"]",
      "instances": [
        {
          "schema_version": 0,
          "attributes": {
            "api_key_required": false,
            "authorization": "NONE",
            "authorization_scopes": null,
            "authorizer_id": null,
            "http_method": "POST",
            "id": "agm-yytbl7vgk9-wznvwg-POST",
            "operation_name": null,
            "request_models": null,
            "request_parameters": null,
            "request_validator_id": null,
            "resource_id": "wznvwg",
            "rest_api_id": "yytbl7vgk9"
          },
          "sensitive_attributes": [],
          "private": "bnVsbA==",
          "dependencies": [
            "aws_api_gateway_resource.github_webhook",
            "aws_api_gateway_rest_api.github_webhook_api"
          ]
        }
      ]
    },
    {
      "mode": "managed",
      "type": "aws_api_gateway_resource",
      "name": "github_webhook",
      "provider": "provider[\"registry.terraform.io/hashicorp/aws\"]",
      "instances": [
        {
          "schema_version": 0,
          "attributes": {
            "id": "wznvwg",
            "parent_id": "62yyidf8ga",
            "path": "/webhook",
            "path_part": "webhook",
            "rest_api_id": "yytbl7vgk9"
          },
          "sensitive_attributes": [],
          "private": "bnVsbA==",
          "dependencies": [
            "aws_api_gateway_rest_api.github_webhook_api"
          ]
        }
      ]
    },
    {
      "mode": "managed",
      "type": "aws_api_gateway_rest_api",
      "name": "github_webhook_api",
      "provider": "provider[\"registry.terraform.io/hashicorp/aws\"]",
      "instances": [
        {
          "schema_version": 0,
          "attributes": {
            "api_key_source": "HEADER",
            "arn": "arn:aws:apigateway:us-east-1::/restapis/yytbl7vgk9",
            "binary_media_types": [],
            "body": null,
            "created_date": "2024-09-28T20:42:18Z",
            "description": "API Gateway for GitHub Webhook",
            "disable_execute_api_endpoint": false,
            "endpoint_configuration": [
              {
                "types": [
                  "EDGE"
                ],
                "vpc_endpoint_ids": []
              }
            ],
            "execution_arn": "arn:aws:execute-api:us-east-1:622395351311:yytbl7vgk9",
            "fail_on_warnings": null,
            "id": "yytbl7vgk9",
            "minimum_compression_size": "",
            "name": "GitHub Webhook API",
            "parameters": null,
            "policy": "",
            "put_rest_api_mode": null,
            "root_resource_id": "62yyidf8ga",
            "tags": null,
            "tags_all": {}
          },
          "sensitive_attributes": [],
          "private": "bnVsbA=="
        }
      ]
    },
    {
      "mode": "managed",
      "type": "aws_cloudwatch_log_group",
      "name": "lambda_log_group",
      "provider": "provider[\"registry.terraform.io/hashicorp/aws\"]",
      "instances": [
        {
          "schema_version": 0,
          "attributes": {
            "arn": "arn:aws:logs:us-east-1:622395351311:log-group:/aws/lambda/github_webhook_lambda",
            "id": "/aws/lambda/github_webhook_lambda",
            "kms_key_id": "",
            "log_group_class": "STANDARD",
            "name": "/aws/lambda/github_webhook_lambda",
            "name_prefix": "",
            "retention_in_days": 7,
            "skip_destroy": false,
            "tags": null,
            "tags_all": {}
          },
          "sensitive_attributes": [],
          "private": "bnVsbA=="
        }
      ]
    },
    {
      "mode": "managed",
      "type": "aws_iam_policy",
      "name": "lambda_policy",
      "provider": "provider[\"registry.terraform.io/hashicorp/aws\"]",
      "instances": [
        {
          "schema_version": 0,
          "attributes": {
            "arn": "arn:aws:iam::622395351311:policy/lambda_policy",
            "attachment_count": 0,
            "description": "IAM policy for Lambda to access CloudWatch logs",
            "id": "arn:aws:iam::622395351311:policy/lambda_policy",
            "name": "lambda_policy",
            "name_prefix": "",
            "path": "/",
            "policy": "{\"Statement\":[{\"Action\":\"logs:CreateLogGroup\",\"Effect\":\"Allow\",\"Resource\":\"arn:aws:logs:us-east-1:622395351311:log-group:/aws/lambda/github_webhook_lambda\"},{\"Action\":[\"logs:CreateLogStream\",\"logs:PutLogEvents\"],\"Effect\":\"Allow\",\"Resource\":\"arn:aws:logs:*:622395351311:log-group:/aws/lambda/github_webhook_lambda:log-stream:*\"}],\"Version\":\"2012-10-17\"}",
            "policy_id": "ANPAZB2NHMEH36BTHNFCR",
            "tags": null,
            "tags_all": {}
          },
          "sensitive_attributes": [],
          "private": "bnVsbA==",
          "dependencies": [
            "data.aws_caller_identity.current"
          ]
        }
      ]
    },
    {
      "mode": "managed",
      "type": "aws_iam_role",
      "name": "lambda_exec",
      "provider": "provider[\"registry.terraform.io/hashicorp/aws\"]",
      "instances": [
        {
          "schema_version": 0,
          "attributes": {
            "arn": "arn:aws:iam::622395351311:role/lambda_exec_role",
            "assume_role_policy": "{\"Statement\":[{\"Action\":\"sts:AssumeRole\",\"Effect\":\"Allow\",\"Principal\":{\"Service\":\"lambda.amazonaws.com\"},\"Sid\":\"\"}],\"Version\":\"2012-10-17\"}",
            "create_date": "2024-09-28T20:42:15Z",
            "description": "IAM Role for Lambda",
            "force_detach_policies": false,
            "id": "lambda_exec_role",
            "inline_policy": [],
            "managed_policy_arns": [],
            "max_session_duration": 3600,
            "name": "lambda_exec_role",
            "name_prefix": "",
            "path": "/",
            "permissions_boundary": "",
            "tags": null,
            "tags_all": {},
            "unique_id": "AROAZB2NHMEH7PDFG6HHG"
          },
          "sensitive_attributes": [],
          "private": "bnVsbA=="
        }
      ]
    },
    {
      "mode": "managed",
      "type": "aws_iam_role_policy_attachment",
      "name": "lambda_policy_attachment",
      "provider": "provider[\"registry.terraform.io/hashicorp/aws\"]",
      "instances": [
        {
          "schema_version": 0,
          "attributes": {
            "id": "lambda_exec_role-20240928204216181500000001",
            "policy_arn": "arn:aws:iam::622395351311:policy/lambda_policy",
            "role": "lambda_exec_role"
          },
          "sensitive_attributes": [],
          "private": "bnVsbA==",
          "dependencies": [
            "aws_iam_policy.lambda_policy",
            "aws_iam_role.lambda_exec",
            "data.aws_caller_identity.current"
          ]
        }
      ]
    },
    {
      "mode": "managed",
      "type": "aws_lambda_function",
      "name": "lambda",
      "provider": "provider[\"registry.terraform.io/hashicorp/aws\"]",
      "instances": [
        {
          "schema_version": 0,
          "attributes": {
            "architectures": [
              "x86_64"
            ],
            "arn": "arn:aws:lambda:us-east-1:622395351311:function:github_webhook_lambda",
            "code_sha256": "JnLnrCtV7f8b/t6+b092tTjRxWyYpq1QKLBmOVf6Ogc=",
            "code_signing_config_arn": "",
            "dead_letter_config": [],
            "description": "Lambda for GitHub Webhook",
            "environment": [],
            "ephemeral_storage": [
              {
                "size": 512
              }
            ],
            "file_system_config": [],
            "filename": "lambda_function.zip",
            "function_name": "github_webhook_lambda",
            "handler": "lambda_function.lambda_handler",
            "id": "github_webhook_lambda",
            "image_config": [],
            "image_uri": "",
            "invoke_arn": "arn:aws:apigateway:us-east-1:lambda:path/2015-03-31/functions/arn:aws:lambda:us-east-1:622395351311:function:github_webhook_lambda/invocations",
            "kms_key_arn": "",
            "last_modified": "2024-09-28T20:42:23.881+0000",
            "layers": null,
            "logging_config": [
              {
                "application_log_level": "",
                "log_format": "Text",
                "log_group": "/aws/lambda/github_webhook_lambda",
                "system_log_level": ""
              }
            ],
            "memory_size": 128,
            "package_type": "Zip",
            "publish": false,
            "qualified_arn": "arn:aws:lambda:us-east-1:622395351311:function:github_webhook_lambda:$LATEST",
            "qualified_invoke_arn": "arn:aws:apigateway:us-east-1:lambda:path/2015-03-31/functions/arn:aws:lambda:us-east-1:622395351311:function:github_webhook_lambda:$LATEST/invocations",
            "replace_security_groups_on_destroy": null,
            "replacement_security_group_ids": null,
            "reserved_concurrent_executions": -1,
            "role": "arn:aws:iam::622395351311:role/lambda_exec_role",
            "runtime": "python3.8",
            "s3_bucket": null,
            "s3_key": null,
            "s3_object_version": null,
            "signing_job_arn": "",
            "signing_profile_version_arn": "",
            "skip_destroy": false,
            "snap_start": [],
            "source_code_hash": "JnLnrCtV7f8b/t6+b092tTjRxWyYpq1QKLBmOVf6Ogc=",
            "source_code_size": 845,
            "tags": null,
            "tags_all": {},
            "timeout": 3,
            "timeouts": null,
            "tracing_config": [
              {
                "mode": "PassThrough"
              }
            ],
            "version": "$LATEST",
            "vpc_config": []
          },
          "sensitive_attributes": [],
          "private": "eyJlMmJmYjczMC1lY2FhLTExZTYtOGY4OC0zNDM2M2JjN2M0YzAiOnsiY3JlYXRlIjo2MDAwMDAwMDAwMDAsImRlbGV0ZSI6NjAwMDAwMDAwMDAwLCJ1cGRhdGUiOjYwMDAwMDAwMDAwMH19",
          "dependencies": [
            "aws_cloudwatch_log_group.lambda_log_group",
            "aws_iam_role.lambda_exec"
          ]
        }
      ]
    },
    {
      "mode": "managed",
      "type": "aws_lambda_permission",
      "name": "apigw_lambda",
      "provider": "provider[\"registry.terraform.io/hashicorp/aws\"]",
      "instances": [
        {
          "schema_version": 0,
          "attributes": {
            "action": "lambda:InvokeFunction",
            "event_source_token": null,
            "function_name": "github_webhook_lambda",
            "function_url_auth_type": null,
            "id": "AllowExecutionFromAPIGateway",
            "principal": "apigateway.amazonaws.com",
            "principal_org_id": null,
            "qualifier": "",
            "source_account": null,
            "source_arn": "arn:aws:execute-api:us-east-1:622395351311:yytbl7vgk9/prod/POST/webhook",
            "statement_id": "AllowExecutionFromAPIGateway",
            "statement_id_prefix": ""
          },
          "sensitive_attributes": [],
          "private": "bnVsbA==",
          "dependencies": [
            "aws_api_gateway_method.webhook_post",
            "aws_api_gateway_resource.github_webhook",
            "aws_api_gateway_rest_api.github_webhook_api",
            "aws_cloudwatch_log_group.lambda_log_group",
            "aws_iam_role.lambda_exec",
            "aws_lambda_function.lambda",
            "data.aws_caller_identity.current"
          ]
        }
      ]
    },
    {
      "mode": "managed",
      "type": "github_repository",
      "name": "repo",
      "provider": "provider[\"registry.terraform.io/hashicorp/github\"]",
      "instances": [
        {
          "schema_version": 1,
          "attributes": {
            "allow_auto_merge": false,
            "allow_merge_commit": true,
            "allow_rebase_merge": true,
            "allow_squash_merge": true,
            "allow_update_branch": false,
            "archive_on_destroy": null,
            "archived": false,
            "auto_init": null,
            "default_branch": "main",
            "delete_branch_on_merge": false,
            "description": "",
            "etag": "W/\"d27290e344a7d654c6b030d38dca9bfef19230f361c7a40f5ff911132a6610d9\"",
            "full_name": "OmriHalpert/DevopsAssignment",
            "git_clone_url": "git://github.com/OmriHalpert/DevopsAssignment.git",
            "gitignore_template": null,
            "has_discussions": false,
            "has_downloads": false,
            "has_issues": false,
            "has_projects": false,
            "has_wiki": false,
            "homepage_url": "",
            "html_url": "https://github.com/OmriHalpert/DevopsAssignment",
            "http_clone_url": "https://github.com/OmriHalpert/DevopsAssignment.git",
            "id": "DevopsAssignment",
            "ignore_vulnerability_alerts_during_read": null,
            "is_template": false,
            "license_template": null,
            "merge_commit_message": "PR_TITLE",
            "merge_commit_title": "MERGE_MESSAGE",
            "name": "DevopsAssignment",
            "node_id": "R_kgDOM4nGYQ",
            "pages": [],
            "primary_language": "",
            "private": true,
            "repo_id": 864667233,
            "security_and_analysis": [],
            "squash_merge_commit_message": "COMMIT_MESSAGES",
            "squash_merge_commit_title": "COMMIT_OR_PR_TITLE",
            "ssh_clone_url": "git@github.com:OmriHalpert/DevopsAssignment.git",
            "svn_url": "https://github.com/OmriHalpert/DevopsAssignment",
            "template": [],
            "topics": [],
            "visibility": "private",
            "vulnerability_alerts": false,
            "web_commit_signoff_required": false
          },
          "sensitive_attributes": [],
          "private": "eyJzY2hlbWFfdmVyc2lvbiI6IjEifQ=="
        }
      ]
    },
    {
      "mode": "managed",
      "type": "github_repository_webhook",
      "name": "github_webhook",
      "provider": "provider[\"registry.terraform.io/hashicorp/github\"]",
      "instances": [
        {
          "schema_version": 1,
          "attributes": {
            "active": true,
            "configuration": [
              {
                "content_type": "json",
                "insecure_ssl": false,
                "secret": "",
                "url": "https://yytbl7vgk9.execute-api.us-east-1.amazonaws.com/prod/webhook"
              }
            ],
            "etag": null,
            "events": [
              "pull_request",
              "push"
            ],
            "id": "504382114",
            "repository": "DevopsAssignment",
            "url": "https://api.github.com/repos/OmriHalpert/DevopsAssignment/hooks/504382114"
          },
          "sensitive_attributes": [
            [
              {
                "type": "get_attr",
                "value": "configuration"
              },
              {
                "type": "index",
                "value": {
                  "value": 0,
                  "type": "number"
                }
              },
              {
                "type": "get_attr",
                "value": "secret"
              }
            ],
            [
              {
                "type": "get_attr",
                "value": "configuration"
              },
              {
                "type": "index",
                "value": {
                  "value": 0,
                  "type": "number"
                }
              },
              {
                "type": "get_attr",
                "value": "url"
              }
            ]
          ],
          "private": "eyJzY2hlbWFfdmVyc2lvbiI6IjEifQ==",
          "dependencies": [
            "aws_api_gateway_deployment.github_webhook_deployment",
            "aws_api_gateway_integration.lambda_integration",
            "aws_api_gateway_method.webhook_post",
            "aws_api_gateway_resource.github_webhook",
            "aws_api_gateway_rest_api.github_webhook_api",
            "aws_cloudwatch_log_group.lambda_log_group",
            "aws_iam_role.lambda_exec",
            "aws_lambda_function.lambda",
            "github_repository.repo"
          ]
        }
      ]
    }
  ],
  "check_results": null
}
